
Microsoft Visual Studio Solution File, Format Version 12.00
# Visual Studio 2012
Project("{FAE04EC0-301F-11D3-BF4B-00C04F79EFBC}") = "WebAPI", "WebAPI\WebAPI.csproj", "{5F149ABD-0BCB-4975-A454-3A903D5C6FD4}"
EndProject
Project("{FAE04EC0-301F-11D3-BF4B-00C04F79EFBC}") = "HashMaker", "HashMaker\HashMaker.csproj", "{357A2645-F3ED-4345-9ED7-CE7955276D1D}"
EndProject
Global
	GlobalSection(SolutionConfigurationPlatforms) = preSolution
		Debug|Any CPU = Debug|Any CPU
		Release|Any CPU = Release|Any CPU
	EndGlobalSection
	GlobalSection(ProjectConfigurationPlatforms) = postSolution
		{5F149ABD-0BCB-4975-A454-3A903D5C6FD4}.Debug|Any CPU.ActiveCfg = Debug|Any CPU
		{5F149ABD-0BCB-4975-A454-3A903D5C6FD4}.Debug|Any CPU.Build.0 = Debug|Any CPU
		{5F149ABD-0BCB-4975-A454-3A903D5C6FD4}.Release|Any CPU.ActiveCfg = Release|Any CPU
		{5F149ABD-0BCB-4975-A454-3A903D5C6FD4}.Release|Any CPU.Build.0 = Release|Any CPU
		{357A2645-F3ED-4345-9ED7-CE7955276D1D}.Debug|Any CPU.ActiveCfg = Debug|Any CPU
		{357A2645-F3ED-4345-9ED7-CE7955276D1D}.Debug|Any CPU.Build.0 = Debug|Any CPU
		{357A2645-F3ED-4345-9ED7-CE7955276D1D}.Release|Any CPU.ActiveCfg = Release|Any CPU
		{357A2645-F3ED-4345-9ED7-CE7955276D1D}.Release|Any CPU.Build.0 = Release|Any CPU
	EndGlobalSection
EndGlobal
